// !$*UTF8*$!
{
	archiveVersion = 1;
	classes = {
	};
	objectVersion = 56;
	objects = {

/* Begin PBXBuildFile section */
		4814F5282A7DD24300692ABD /* AppDelegate.swift in Sources */ = {isa = PBXBuildFile; fileRef = 4814F5272A7DD24300692ABD /* AppDelegate.swift */; };
		4814F52A2A7DD24300692ABD /* SceneDelegate.swift in Sources */ = {isa = PBXBuildFile; fileRef = 4814F5292A7DD24300692ABD /* SceneDelegate.swift */; };
		4814F52C2A7DD24300692ABD /* ViewController.swift in Sources */ = {isa = PBXBuildFile; fileRef = 4814F52B2A7DD24300692ABD /* ViewController.swift */; };
		4814F52F2A7DD24300692ABD /* Main.storyboard in Resources */ = {isa = PBXBuildFile; fileRef = 4814F52D2A7DD24300692ABD /* Main.storyboard */; };
		4814F5312A7DD24400692ABD /* Assets.xcassets in Resources */ = {isa = PBXBuildFile; fileRef = 4814F5302A7DD24400692ABD /* Assets.xcassets */; };
		4814F5342A7DD24400692ABD /* LaunchScreen.storyboard in Resources */ = {isa = PBXBuildFile; fileRef = 4814F5322A7DD24400692ABD /* LaunchScreen.storyboard */; };
		4814F53D2A7DD4A600692ABD /* SelectCollectionViewCell.swift in Sources */ = {isa = PBXBuildFile; fileRef = 4814F53B2A7DD4A600692ABD /* SelectCollectionViewCell.swift */; };
		4814F53E2A7DD4A600692ABD /* SelectCollectionViewCell.xib in Resources */ = {isa = PBXBuildFile; fileRef = 4814F53C2A7DD4A600692ABD /* SelectCollectionViewCell.xib */; };
		4814F5402A7DD58000692ABD /* About.swift in Sources */ = {isa = PBXBuildFile; fileRef = 4814F53F2A7DD58000692ABD /* About.swift */; };
		4814F5422A7DD67700692ABD /* SelectViewController.swift in Sources */ = {isa = PBXBuildFile; fileRef = 4814F5412A7DD67700692ABD /* SelectViewController.swift */; };
/* End PBXBuildFile section */

/* Begin PBXFileReference section */
		4814F5242A7DD24300692ABD /* Tamagotchi Project.app */ = {isa = PBXFileReference; explicitFileType = wrapper.application; includeInIndex = 0; path = "Tamagotchi Project.app"; sourceTree = BUILT_PRODUCTS_DIR; };
		4814F5272A7DD24300692ABD /* AppDelegate.swift */ = {isa = PBXFileReference; lastKnownFileType = sourcecode.swift; path = AppDelegate.swift; sourceTree = "<group>"; };
		4814F5292A7DD24300692ABD /* SceneDelegate.swift */ = {isa = PBXFileReference; lastKnownFileType = sourcecode.swift; path = SceneDelegate.swift; sourceTree = "<group>"; };
		4814F52B2A7DD24300692ABD /* ViewController.swift */ = {isa = PBXFileReference; lastKnownFileType = sourcecode.swift; path = ViewController.swift; sourceTree = "<group>"; };
		4814F52E2A7DD24300692ABD /* Base */ = {isa = PBXFileReference; lastKnownFileType = file.storyboard; name = Base; path = Base.lproj/Main.storyboard; sourceTree = "<group>"; };
		4814F5302A7DD24400692ABD /* Assets.xcassets */ = {isa = PBXFileReference; lastKnownFileType = folder.assetcatalog; path = Assets.xcassets; sourceTree = "<group>"; };
		4814F5332A7DD24400692ABD /* Base */ = {isa = PBXFileReference; lastKnownFileType = file.storyboard; name = Base; path = Base.lproj/LaunchScreen.storyboard; sourceTree = "<group>"; };
		4814F5352A7DD24400692ABD /* Info.plist */ = {isa = PBXFileReference; lastKnownFileType = text.plist.xml; path = Info.plist; sourceTree = "<group>"; };
		4814F53B2A7DD4A600692ABD /* SelectCollectionViewCell.swift */ = {isa = PBXFileReference; lastKnownFileType = sourcecode.swift; path = SelectCollectionViewCell.swift; sourceTree = "<group>"; };
		4814F53C2A7DD4A600692ABD /* SelectCollectionViewCell.xib */ = {isa = PBXFileReference; lastKnownFileType = file.xib; path = SelectCollectionViewCell.xib; sourceTree = "<group>"; };
		4814F53F2A7DD58000692ABD /* About.swift */ = {isa = PBXFileReference; lastKnownFileType = sourcecode.swift; path = About.swift; sourceTree = "<group>"; };
		4814F5412A7DD67700692ABD /* SelectViewController.swift */ = {isa = PBXFileReference; lastKnownFileType = sourcecode.swift; path = SelectViewController.swift; sourceTree = "<group>"; };
/* End PBXFileReference section */

/* Begin PBXFrameworksBuildPhase section */
		4814F5212A7DD24300692ABD /* Frameworks */ = {
			isa = PBXFrameworksBuildPhase;
			buildActionMask = 2147483647;
			files = (
			);
			runOnlyForDeploymentPostprocessing = 0;
		};
/* End PBXFrameworksBuildPhase section */

/* Begin PBXGroup section */
		4814F51B2A7DD24300692ABD = {
			isa = PBXGroup;
			children = (
				4814F5262A7DD24300692ABD /* Tamagotchi Project */,
				4814F5252A7DD24300692ABD /* Products */,
			);
			sourceTree = "<group>";
		};
		4814F5252A7DD24300692ABD /* Products */ = {
			isa = PBXGroup;
			children = (
				4814F5242A7DD24300692ABD /* Tamagotchi Project.app */,
			);
			name = Products;
			sourceTree = "<group>";
		};
		4814F5262A7DD24300692ABD /* Tamagotchi Project */ = {
			isa = PBXGroup;
			children = (
				4814F5272A7DD24300692ABD /* AppDelegate.swift */,
				4814F5292A7DD24300692ABD /* SceneDelegate.swift */,
				4814F52B2A7DD24300692ABD /* ViewController.swift */,
				4814F52D2A7DD24300692ABD /* Main.storyboard */,
				4814F5412A7DD67700692ABD /* SelectViewController.swift */,
				4814F53F2A7DD58000692ABD /* About.swift */,
				4814F53B2A7DD4A600692ABD /* SelectCollectionViewCell.swift */,
				4814F53C2A7DD4A600692ABD /* SelectCollectionViewCell.xib */,
				4814F5302A7DD24400692ABD /* Assets.xcassets */,
				4814F5322A7DD24400692ABD /* LaunchScreen.storyboard */,
				4814F5352A7DD24400692ABD /* Info.plist */,
			);
			path = "Tamagotchi Project";
			sourceTree = "<group>";
		};
/* End PBXGroup section */

/* Begin PBXNativeTarget section */
		4814F5232A7DD24300692ABD /* Tamagotchi Project */ = {
			isa = PBXNativeTarget;
			buildConfigurationList = 4814F5382A7DD24400692ABD /* Build configuration list for PBXNativeTarget "Tamagotchi Project" */;
			buildPhases = (
				4814F5202A7DD24300692ABD /* Sources */,
				4814F5212A7DD24300692ABD /* Frameworks */,
				4814F5222A7DD24300692ABD /* Resources */,
			);
			buildRules = (
			);
			dependencies = (
			);
			name = "Tamagotchi Project";
			productName = "Tamagotchi Project";
			productReference = 4814F5242A7DD24300692ABD /* Tamagotchi Project.app */;
			productType = "com.apple.product-type.application";
		};
/* End PBXNativeTarget section */

/* Begin PBXProject section */
		4814F51C2A7DD24300692ABD /* Project object */ = {
			isa = PBXProject;
			attributes = {
				BuildIndependentTargetsInParallel = 1;
				LastSwiftUpdateCheck = 1430;
				LastUpgradeCheck = 1430;
				TargetAttributes = {
					4814F5232A7DD24300692ABD = {
						CreatedOnToolsVersion = 14.3.1;
					};
				};
			};
			buildConfigurationList = 4814F51F2A7DD24300692ABD /* Build configuration list for PBXProject "Tamagotchi Project" */;
			compatibilityVersion = "Xcode 14.0";
			developmentRegion = en;
			hasScannedForEncodings = 0;
			knownRegions = (
				en,
				Base,
			);
			mainGroup = 4814F51B2A7DD24300692ABD;
			productRefGroup = 4814F5252A7DD24300692ABD /* Products */;
			projectDirPath = "";
			projectRoot = "";
			targets = (
				4814F5232A7DD24300692ABD /* Tamagotchi Project */,
			);
		};
/* End PBXProject section */

/* Begin PBXResourcesBuildPhase section */
		4814F5222A7DD24300692ABD /* Resources */ = {
			isa = PBXResourcesBuildPhase;
			buildActionMask = 2147483647;
			files = (
				4814F53E2A7DD4A600692ABD /* SelectCollectionViewCell.xib in Resources */,
				4814F5342A7DD24400692ABD /* LaunchScreen.storyboard in Resources */,
				4814F5312A7DD24400692ABD /* Assets.xcassets in Resources */,
				4814F52F2A7DD24300692ABD /* Main.storyboard in Resources */,
			);
			runOnlyForDeploymentPostprocessing = 0;
		};
/* End PBXResourcesBuildPhase section */

/* Begin PBXSourcesBuildPhase section */
		4814F5202A7DD24300692ABD /* Sources */ = {
			isa = PBXSourcesBuildPhase;
			buildActionMask = 2147483647;
			files = (
				4814F5402A7DD58000692ABD /* About.swift in Sources */,
				4814F53D2A7DD4A600692ABD /* SelectCollectionViewCell.swift in Sources */,
				4814F52C2A7DD24300692ABD /* ViewController.swift in Sources */,
				4814F5282A7DD24300692ABD /* AppDelegate.swift in Sources */,
				4814F5422A7DD67700692ABD /* SelectViewController.swift in Sources */,
				4814F52A2A7DD24300692ABD /* SceneDelegate.swift in Sources */,
			);
			runOnlyForDeploymentPostprocessing = 0;
		};
/* End PBXSourcesBuildPhase section */

/* Begin PBXVariantGroup section */
		4814F52D2A7DD24300692ABD /* Main.storyboard */ = {
			isa = PBXVariantGroup;
			children = (
				4814F52E2A7DD24300692ABD /* Base */,
			);
			name = Main.storyboard;
			sourceTree = "<group>";
		};
		4814F5322A7DD24400692ABD /* LaunchScreen.storyboard */ = {
			isa = PBXVariantGroup;
			children = (
				4814F5332A7DD24400692ABD /* Base */,
			);
			name = LaunchScreen.storyboard;
			sourceTree = "<group>";
		};
/* End PBXVariantGroup section */

/* Begin XCBuildConfiguration section */
		4814F5362A7DD24400692ABD /* Debug */ = {
			isa = XCBuildConfiguration;
			buildSettings = {
				ALWAYS_SEARCH_USER_PATHS = NO;
				CLANG_ANALYZER_NONNULL = YES;
				CLANG_ANALYZER_NUMBER_OBJECT_CONVERSION = YES_AGGRESSIVE;
				CLANG_CXX_LANGUAGE_STANDARD = "gnu++20";
				CLANG_ENABLE_MODULES = YES;
				CLANG_ENABLE_OBJC_ARC = YES;
				CLANG_ENABLE_OBJC_WEAK = YES;
				CLANG_WARN_BLOCK_CAPTURE_AUTORELEASING = YES;
				CLANG_WARN_BOOL_CONVERSION = YES;
				CLANG_WARN_COMMA = YES;
				CLANG_WARN_CONSTANT_CONVERSION = YES;
				CLANG_WARN_DEPRECATED_OBJC_IMPLEMENTATIONS = YES;
				CLANG_WARN_DIRECT_OBJC_ISA_USAGE = YES_ERROR;
				CLANG_WARN_DOCUMENTATION_COMMENTS = YES;
				CLANG_WARN_EMPTY_BODY = YES;
				CLANG_WARN_ENUM_CONVERSION = YES;
				CLANG_WARN_INFINITE_RECURSION = YES;
				CLANG_WARN_INT_CONVERSION = YES;
				CLANG_WARN_NON_LITERAL_NULL_CONVERSION = YES;
				CLANG_WARN_OBJC_IMPLICIT_RETAIN_SELF = YES;
				CLANG_WARN_OBJC_LITERAL_CONVERSION = YES;
				CLANG_WARN_OBJC_ROOT_CLASS = YES_ERROR;
				CLANG_WARN_QUOTED_INCLUDE_IN_FRAMEWORK_HEADER = YES;
				CLANG_WARN_RANGE_LOOP_ANALYSIS = YES;
				CLANG_WARN_STRICT_PROTOTYPES = YES;
				CLANG_WARN_SUSPICIOUS_MOVE = YES;
				CLANG_WARN_UNGUARDED_AVAILABILITY = YES_AGGRESSIVE;
				CLANG_WARN_UNREACHABLE_CODE = YES;
				CLANG_WARN__DUPLICATE_METHOD_MATCH = YES;
				COPY_PHASE_STRIP = NO;
				DEBUG_INFORMATION_FORMAT = dwarf;
				ENABLE_STRICT_OBJC_MSGSEND = YES;
				ENABLE_TESTABILITY = YES;
				GCC_C_LANGUAGE_STANDARD = gnu11;
				GCC_DYNAMIC_NO_PIC = NO;
				GCC_NO_COMMON_BLOCKS = YES;
				GCC_OPTIMIZATION_LEVEL = 0;
				GCC_PREPROCESSOR_DEFINITIONS = (
					"DEBUG=1",
					"$(inherited)",
				);
				GCC_WARN_64_TO_32_BIT_CONVERSION = YES;
				GCC_WARN_ABOUT_RETURN_TYPE = YES_ERROR;
				GCC_WARN_UNDECLARED_SELECTOR = YES;
				GCC_WARN_UNINITIALIZED_AUTOS = YES_AGGRESSIVE;
				GCC_WARN_UNUSED_FUNCTION = YES;
				GCC_WARN_UNUSED_VARIABLE = YES;
				IPHONEOS_DEPLOYMENT_TARGET = 16.4;
				MTL_ENABLE_DEBUG_INFO = INCLUDE_SOURCE;
				MTL_FAST_MATH = YES;
				ONLY_ACTIVE_ARCH = YES;
				SDKROOT = iphoneos;
				SWIFT_ACTIVE_COMPILATION_CONDITIONS = DEBUG;
				SWIFT_OPTIMIZATION_LEVEL = "-Onone";
			};
			name = Debug;
		};
		4814F5372A7DD24400692ABD /* Release */ = {
			isa = XCBuildConfiguration;
			buildSettings = {
				ALWAYS_SEARCH_USER_PATHS = NO;
				CLANG_ANALYZER_NONNULL = YES;
				CLANG_ANALYZER_NUMBER_OBJECT_CONVERSION = YES_AGGRESSIVE;
				CLANG_CXX_LANGUAGE_STANDARD = "gnu++20";
				CLANG_ENABLE_MODULES = YES;
				CLANG_ENABLE_OBJC_ARC = YES;
				CLANG_ENABLE_OBJC_WEAK = YES;
				CLANG_WARN_BLOCK_CAPTURE_AUTORELEASING = YES;
				CLANG_WARN_BOOL_CONVERSION = YES;
				CLANG_WARN_COMMA = YES;
				CLANG_WARN_CONSTANT_CONVERSION = YES;
				CLANG_WARN_DEPRECATED_OBJC_IMPLEMENTATIONS = YES;
				CLANG_WARN_DIRECT_OBJC_ISA_USAGE = YES_ERROR;
				CLANG_WARN_DOCUMENTATION_COMMENTS = YES;
				CLANG_WARN_EMPTY_BODY = YES;
				CLANG_WARN_ENUM_CONVERSION = YES;
				CLANG_WARN_INFINITE_RECURSION = YES;
				CLANG_WARN_INT_CONVERSION = YES;
				CLANG_WARN_NON_LITERAL_NULL_CONVERSION = YES;
				CLANG_WARN_OBJC_IMPLICIT_RETAIN_SELF = YES;
				CLANG_WARN_OBJC_LITERAL_CONVERSION = YES;
				CLANG_WARN_OBJC_ROOT_CLASS = YES_ERROR;
				CLANG_WARN_QUOTED_INCLUDE_IN_FRAMEWORK_HEADER = YES;
				CLANG_WARN_RANGE_LOOP_ANALYSIS = YES;
				CLANG_WARN_STRICT_PROTOTYPES = YES;
				CLANG_WARN_SUSPICIOUS_MOVE = YES;
				CLANG_WARN_UNGUARDED_AVAILABILITY = YES_AGGRESSIVE;
				CLANG_WARN_UNREACHABLE_CODE = YES;
				CLANG_WARN__DUPLICATE_METHOD_MATCH = YES;
				COPY_PHASE_STRIP = NO;
				DEBUG_INFORMATION_FORMAT = "dwarf-with-dsym";
				ENABLE_NS_ASSERTIONS = NO;
				ENABLE_STRICT_OBJC_MSGSEND = YES;
				GCC_C_LANGUAGE_STANDARD = gnu11;
				GCC_NO_COMMON_BLOCKS = YES;
				GCC_WARN_64_TO_32_BIT_CONVERSION = YES;
				GCC_WARN_ABOUT_RETURN_TYPE = YES_ERROR;
				GCC_WARN_UNDECLARED_SELECTOR = YES;
				GCC_WARN_UNINITIALIZED_AUTOS = YES_AGGRESSIVE;
				GCC_WARN_UNUSED_FUNCTION = YES;
				GCC_WARN_UNUSED_VARIABLE = YES;
				IPHONEOS_DEPLOYMENT_TARGET = 16.4;
				MTL_ENABLE_DEBUG_INFO = NO;
				MTL_FAST_MATH = YES;
				SDKROOT = iphoneos;
				SWIFT_COMPILATION_MODE = wholemodule;
				SWIFT_OPTIMIZATION_LEVEL = "-O";
				VALIDATE_PRODUCT = YES;
			};
			name = Release;
		};
		4814F5392A7DD24400692ABD /* Debug */ = {
			isa = XCBuildConfiguration;
			buildSettings = {
				ASSETCATALOG_COMPILER_APPICON_NAME = AppIcon;
				ASSETCATALOG_COMPILER_GLOBAL_ACCENT_COLOR_NAME = AccentColor;
				CODE_SIGN_STYLE = Automatic;
				CURRENT_PROJECT_VERSION = 1;
				DEVELOPMENT_TEAM = 2S9WHYP486;
				GENERATE_INFOPLIST_FILE = YES;
				INFOPLIST_FILE = "Tamagotchi Project/Info.plist";
				INFOPLIST_KEY_UIApplicationSupportsIndirectInputEvents = YES;
				INFOPLIST_KEY_UILaunchStoryboardName = LaunchScreen;
				INFOPLIST_KEY_UIMainStoryboardFile = Main;
				INFOPLIST_KEY_UIStatusBarStyle = "";
				INFOPLIST_KEY_UISupportedInterfaceOrientations = UIInterfaceOrientationPortrait;
				IPHONEOS_DEPLOYMENT_TARGET = 15.0;
				LD_RUNPATH_SEARCH_PATHS = (
					"$(inherited)",
					"@executable_path/Frameworks",
				);
				MARKETING_VERSION = 1.0;
				PRODUCT_BUNDLE_IDENTIFIER = "com.noah.Tamagotchi-Project";
				PRODUCT_NAME = "$(TARGET_NAME)";
				SUPPORTED_PLATFORMS = "iphoneos iphonesimulator";
				SUPPORTS_MACCATALYST = NO;
				SUPPORTS_MAC_DESIGNED_FOR_IPHONE_IPAD = NO;
				SWIFT_EMIT_LOC_STRINGS = YES;
				SWIFT_VERSION = 5.0;
				TARGETED_DEVICE_FAMILY = 1;
			};
			name = Debug;
		};
		4814F53A2A7DD24400692ABD /* Release */ = {
			isa = XCBuildConfiguration;
			buildSettings = {
				ASSETCATALOG_COMPILER_APPICON_NAME = AppIcon;
				ASSETCATALOG_COMPILER_GLOBAL_ACCENT_COLOR_NAME = AccentColor;
				CODE_SIGN_STYLE = Automatic;
				CURRENT_PROJECT_VERSION = 1;
				DEVELOPMENT_TEAM = 2S9WHYP486;
				GENERATE_INFOPLIST_FILE = YES;
				INFOPLIST_FILE = "Tamagotchi Project/Info.plist";
				INFOPLIST_KEY_UIApplicationSupportsIndirectInputEvents = YES;
				INFOPLIST_KEY_UILaunchStoryboardName = LaunchScreen;
				INFOPLIST_KEY_UIMainStoryboardFile = Main;
				INFOPLIST_KEY_UIStatusBarStyle = "";
				INFOPLIST_KEY_UISupportedInterfaceOrientations = UIInterfaceOrientationPortrait;
				IPHONEOS_DEPLOYMENT_TARGET = 15.0;
				LD_RUNPATH_SEARCH_PATHS = (
					"$(inherited)",
					"@executable_path/Frameworks",
				);
				MARKETING_VERSION = 1.0;
				PRODUCT_BUNDLE_IDENTIFIER = "com.noah.Tamagotchi-Project";
				PRODUCT_NAME = "$(TARGET_NAME)";
				SUPPORTED_PLATFORMS = "iphoneos iphonesimulator";
				SUPPORTS_MACCATALYST = NO;
				SUPPORTS_MAC_DESIGNED_FOR_IPHONE_IPAD = NO;
				SWIFT_EMIT_LOC_STRINGS = YES;
				SWIFT_VERSION = 5.0;
				TARGETED_DEVICE_FAMILY = 1;
			};
			name = Release;
		};
/* End XCBuildConfiguration section */

/* Begin XCConfigurationList section */
		4814F51F2A7DD24300692ABD /* Build configuration list for PBXProject "Tamagotchi Project" */ = {
			isa = XCConfigurationList;
			buildConfigurations = (
				4814F5362A7DD24400692ABD /* Debug */,
				4814F5372A7DD24400692ABD /* Release */,
			);
			defaultConfigurationIsVisible = 0;
			defaultConfigurationName = Release;
		};
		4814F5382A7DD24400692ABD /* Build configuration list for PBXNativeTarget "Tamagotchi Project" */ = {
			isa = XCConfigurationList;
			buildConfigurations = (
				4814F5392A7DD24400692ABD /* Debug */,
				4814F53A2A7DD24400692ABD /* Release */,
			);
			defaultConfigurationIsVisible = 0;
			defaultConfigurationName = Release;
		};
/* End XCConfigurationList section */
	};
	rootObject = 4814F51C2A7DD24300692ABD /* Project object */;
}
